
Microsoft Visual Studio Solution File, Format Version 12.00
# Visual Studio Version 17
VisualStudioVersion = 17.2.32526.322
MinimumVisualStudioVersion = 10.0.40219.1
Project("{FAE04EC0-301F-11D3-BF4B-00C04F79EFBC}") = "Session State Hello World", "Session State Hello World.csproj", "{D5FD20BE-DB10-4428-B574-302B766E034F}"
EndProject
Global
	GlobalSection(SolutionConfigurationPlatforms) = preSolution
		Debug|Any CPU = Debug|Any CPU
		Release|Any CPU = Release|Any CPU
	EndGlobalSection
	GlobalSection(ProjectConfigurationPlatforms) = postSolution
		{D5FD20BE-DB10-4428-B574-302B766E034F}.Debug|Any CPU.ActiveCfg = Debug|Any CPU
		{D5FD20BE-DB10-4428-B574-302B766E034F}.Debug|Any CPU.Build.0 = Debug|Any CPU
		{D5FD20BE-DB10-4428-B574-302B766E034F}.Release|Any CPU.ActiveCfg = Release|Any CPU
		{D5FD20BE-DB10-4428-B574-302B766E034F}.Release|Any CPU.Build.0 = Release|Any CPU
	EndGlobalSection
	GlobalSection(SolutionProperties) = preSolution
		HideSolutionNode = FALSE
	EndGlobalSection
	GlobalSection(ExtensibilityGlobals) = postSolution
		SolutionGuid = {F48E83B7-208D-4E03-81F4-849DD200D160}
	EndGlobalSection
EndGlobal
